
Microsoft Visual Studio Solution File, Format Version 12.00
# Visual Studio Version 16
VisualStudioVersion = 16.0.31605.320
MinimumVisualStudioVersion = 10.0.40219.1
Project("{FAE04EC0-301F-11D3-BF4B-00C04F79EFBC}") = "Print", "Print\Print.csproj", "{CC7539B9-6459-4E6F-8452-EDBE033AFD17}"
EndProject
Project("{FAE04EC0-301F-11D3-BF4B-00C04F79EFBC}") = "Demo", "Demo\Demo.csproj", "{F25AEAAB-E3F5-4DA3-8457-99A7D8BD99EC}"
EndProject
Global
	GlobalSection(SolutionConfigurationPlatforms) = preSolution
		Debug|Any CPU = Debug|Any CPU
		Release|Any CPU = Release|Any CPU
	EndGlobalSection
	GlobalSection(ProjectConfigurationPlatforms) = postSolution
		{CC7539B9-6459-4E6F-8452-EDBE033AFD17}.Debug|Any CPU.ActiveCfg = Debug|Any CPU
		{CC7539B9-6459-4E6F-8452-EDBE033AFD17}.Debug|Any CPU.Build.0 = Debug|Any CPU
		{CC7539B9-6459-4E6F-8452-EDBE033AFD17}.Release|Any CPU.ActiveCfg = Release|Any CPU
		{CC7539B9-6459-4E6F-8452-EDBE033AFD17}.Release|Any CPU.Build.0 = Release|Any CPU
		{F25AEAAB-E3F5-4DA3-8457-99A7D8BD99EC}.Debug|Any CPU.ActiveCfg = Debug|Any CPU
		{F25AEAAB-E3F5-4DA3-8457-99A7D8BD99EC}.Debug|Any CPU.Build.0 = Debug|Any CPU
		{F25AEAAB-E3F5-4DA3-8457-99A7D8BD99EC}.Release|Any CPU.ActiveCfg = Release|Any CPU
		{F25AEAAB-E3F5-4DA3-8457-99A7D8BD99EC}.Release|Any CPU.Build.0 = Release|Any CPU
	EndGlobalSection
	GlobalSection(SolutionProperties) = preSolution
		HideSolutionNode = FALSE
	EndGlobalSection
	GlobalSection(ExtensibilityGlobals) = postSolution
		SolutionGuid = {55A82E44-3ACA-4826-AC83-99DB37994E25}
	EndGlobalSection
EndGlobal
